
Microsoft Visual Studio Solution File, Format Version 12.00
# Visual Studio 2012
Project("{8BC9CEB8-8B4A-11D0-8D11-00A0C91BC942}") = "sra", "sra\sra.vcxproj", "{D9D9F358-F670-4DB3-B8CA-72EDC81739E2}"
	ProjectSection(ProjectDependencies) = postProject
		{D8D8D823-06E8-4488-848B-B57A6760E48A} = {D8D8D823-06E8-4488-848B-B57A6760E48A}
	EndProjectSection
EndProject
Project("{8BC9CEB8-8B4A-11D0-8D11-00A0C91BC942}") = "common", "common\common.vcxproj", "{F80E2DED-DCC5-4DBD-BE33-381236C58C43}"
	ProjectSection(ProjectDependencies) = postProject
		{D8D8D823-06E8-4488-848B-B57A6760E48A} = {D8D8D823-06E8-4488-848B-B57A6760E48A}
	EndProjectSection
EndProject
Project("{8BC9CEB8-8B4A-11D0-8D11-00A0C91BC942}") = "CmdAdapter", "CmdAdapter\CmdAdapter.vcxproj", "{440CDD33-CC8E-495D-8CB2-3E19C11C8402}"
	ProjectSection(ProjectDependencies) = postProject
		{D8D8D823-06E8-4488-848B-B57A6760E48A} = {D8D8D823-06E8-4488-848B-B57A6760E48A}
	EndProjectSection
EndProject
Project("{8BC9CEB8-8B4A-11D0-8D11-00A0C91BC942}") = "TLVCom", "TlvCom\TLVCom.vcxproj", "{02278EC5-49C1-4597-A89C-E9B1CC79D331}"
	ProjectSection(ProjectDependencies) = postProject
		{D8D8D823-06E8-4488-848B-B57A6760E48A} = {D8D8D823-06E8-4488-848B-B57A6760E48A}
	EndProjectSection
EndProject
Project("{8BC9CEB8-8B4A-11D0-8D11-00A0C91BC942}") = "securec", "securec\securec.vcxproj", "{D8D8D823-06E8-4488-848B-B57A6760E48A}"
EndProject
Global
	GlobalSection(SolutionConfigurationPlatforms) = preSolution
		Debug|Win32 = Debug|Win32
		Debug|x64 = Debug|x64
		DLL Debug - DLL OpenSSL - DLL LibSSH2|Win32 = DLL Debug - DLL OpenSSL - DLL LibSSH2|Win32
		DLL Debug - DLL OpenSSL - DLL LibSSH2|x64 = DLL Debug - DLL OpenSSL - DLL LibSSH2|x64
		DLL Debug - DLL OpenSSL|Win32 = DLL Debug - DLL OpenSSL|Win32
		DLL Debug - DLL OpenSSL|x64 = DLL Debug - DLL OpenSSL|x64
		DLL Debug - DLL Windows SSPI - DLL WinIDN|Win32 = DLL Debug - DLL Windows SSPI - DLL WinIDN|Win32
		DLL Debug - DLL Windows SSPI - DLL WinIDN|x64 = DLL Debug - DLL Windows SSPI - DLL WinIDN|x64
		DLL Debug - DLL Windows SSPI|Win32 = DLL Debug - DLL Windows SSPI|Win32
		DLL Debug - DLL Windows SSPI|x64 = DLL Debug - DLL Windows SSPI|x64
		DLL Debug - DLL wolfSSL|Win32 = DLL Debug - DLL wolfSSL|Win32
		DLL Debug - DLL wolfSSL|x64 = DLL Debug - DLL wolfSSL|x64
		DLL Debug|Win32 = DLL Debug|Win32
		DLL Debug|x64 = DLL Debug|x64
		DLL Release - DLL OpenSSL - DLL LibSSH2|Win32 = DLL Release - DLL OpenSSL - DLL LibSSH2|Win32
		DLL Release - DLL OpenSSL - DLL LibSSH2|x64 = DLL Release - DLL OpenSSL - DLL LibSSH2|x64
		DLL Release - DLL OpenSSL|Win32 = DLL Release - DLL OpenSSL|Win32
		DLL Release - DLL OpenSSL|x64 = DLL Release - DLL OpenSSL|x64
		DLL Release - DLL Windows SSPI - DLL WinIDN|Win32 = DLL Release - DLL Windows SSPI - DLL WinIDN|Win32
		DLL Release - DLL Windows SSPI - DLL WinIDN|x64 = DLL Release - DLL Windows SSPI - DLL WinIDN|x64
		DLL Release - DLL Windows SSPI|Win32 = DLL Release - DLL Windows SSPI|Win32
		DLL Release - DLL Windows SSPI|x64 = DLL Release - DLL Windows SSPI|x64
		DLL Release - DLL wolfSSL|Win32 = DLL Release - DLL wolfSSL|Win32
		DLL Release - DLL wolfSSL|x64 = DLL Release - DLL wolfSSL|x64
		DLL Release|Win32 = DLL Release|Win32
		DLL Release|x64 = DLL Release|x64
		dummy|Win32 = dummy|Win32
		dummy|x64 = dummy|x64
		LIB Debug - DLL OpenSSL - DLL LibSSH2|Win32 = LIB Debug - DLL OpenSSL - DLL LibSSH2|Win32
		LIB Debug - DLL OpenSSL - DLL LibSSH2|x64 = LIB Debug - DLL OpenSSL - DLL LibSSH2|x64
		LIB Debug - DLL OpenSSL|Win32 = LIB Debug - DLL OpenSSL|Win32
		LIB Debug - DLL OpenSSL|x64 = LIB Debug - DLL OpenSSL|x64
		LIB Debug - DLL Windows SSPI - DLL WinIDN|Win32 = LIB Debug - DLL Windows SSPI - DLL WinIDN|Win32
		LIB Debug - DLL Windows SSPI - DLL WinIDN|x64 = LIB Debug - DLL Windows SSPI - DLL WinIDN|x64
		LIB Debug - DLL Windows SSPI|Win32 = LIB Debug - DLL Windows SSPI|Win32
		LIB Debug - DLL Windows SSPI|x64 = LIB Debug - DLL Windows SSPI|x64
		LIB Debug - LIB OpenSSL - LIB LibSSH2|Win32 = LIB Debug - LIB OpenSSL - LIB LibSSH2|Win32
		LIB Debug - LIB OpenSSL - LIB LibSSH2|x64 = LIB Debug - LIB OpenSSL - LIB LibSSH2|x64
		LIB Debug - LIB OpenSSL|Win32 = LIB Debug - LIB OpenSSL|Win32
		LIB Debug - LIB OpenSSL|x64 = LIB Debug - LIB OpenSSL|x64
		LIB Debug - LIB wolfSSL|Win32 = LIB Debug - LIB wolfSSL|Win32
		LIB Debug - LIB wolfSSL|x64 = LIB Debug - LIB wolfSSL|x64
		LIB Debug|Win32 = LIB Debug|Win32
		LIB Debug|x64 = LIB Debug|x64
		LIB Release - DLL OpenSSL - DLL LibSSH2|Win32 = LIB Release - DLL OpenSSL - DLL LibSSH2|Win32
		LIB Release - DLL OpenSSL - DLL LibSSH2|x64 = LIB Release - DLL OpenSSL - DLL LibSSH2|x64
		LIB Release - DLL OpenSSL|Win32 = LIB Release - DLL OpenSSL|Win32
		LIB Release - DLL OpenSSL|x64 = LIB Release - DLL OpenSSL|x64
		LIB Release - DLL Windows SSPI - DLL WinIDN|Win32 = LIB Release - DLL Windows SSPI - DLL WinIDN|Win32
		LIB Release - DLL Windows SSPI - DLL WinIDN|x64 = LIB Release - DLL Windows SSPI - DLL WinIDN|x64
		LIB Release - DLL Windows SSPI|Win32 = LIB Release - DLL Windows SSPI|Win32
		LIB Release - DLL Windows SSPI|x64 = LIB Release - DLL Windows SSPI|x64
		LIB Release - LIB OpenSSL - LIB LibSSH2|Win32 = LIB Release - LIB OpenSSL - LIB LibSSH2|Win32
		LIB Release - LIB OpenSSL - LIB LibSSH2|x64 = LIB Release - LIB OpenSSL - LIB LibSSH2|x64
		LIB Release - LIB OpenSSL|Win32 = LIB Release - LIB OpenSSL|Win32
		LIB Release - LIB OpenSSL|x64 = LIB Release - LIB OpenSSL|x64
		LIB Release - LIB wolfSSL|Win32 = LIB Release - LIB wolfSSL|Win32
		LIB Release - LIB wolfSSL|x64 = LIB Release - LIB wolfSSL|x64
		LIB Release|Win32 = LIB Release|Win32
		LIB Release|x64 = LIB Release|x64
		Release|Win32 = Release|Win32
		Release|x64 = Release|x64
	EndGlobalSection
	GlobalSection(ProjectConfigurationPlatforms) = postSolution
		{D9D9F358-F670-4DB3-B8CA-72EDC81739E2}.Debug|Win32.ActiveCfg = Debug|Win32
		{D9D9F358-F670-4DB3-B8CA-72EDC81739E2}.Debug|Win32.Build.0 = Debug|Win32
		{D9D9F358-F670-4DB3-B8CA-72EDC81739E2}.Debug|x64.ActiveCfg = Debug|Win32
		{D9D9F358-F670-4DB3-B8CA-72EDC81739E2}.DLL Debug - DLL OpenSSL - DLL LibSSH2|Win32.ActiveCfg = Debug|Win32
		{D9D9F358-F670-4DB3-B8CA-72EDC81739E2}.DLL Debug - DLL OpenSSL - DLL LibSSH2|Win32.Build.0 = Debug|Win32
		{D9D9F358-F670-4DB3-B8CA-72EDC81739E2}.DLL Debug - DLL OpenSSL - DLL LibSSH2|x64.ActiveCfg = Debug|Win32
		{D9D9F358-F670-4DB3-B8CA-72EDC81739E2}.DLL Debug - DLL OpenSSL|Win32.ActiveCfg = Debug|Win32
		{D9D9F358-F670-4DB3-B8CA-72EDC81739E2}.DLL Debug - DLL OpenSSL|Win32.Build.0 = Debug|Win32
		{D9D9F358-F670-4DB3-B8CA-72EDC81739E2}.DLL Debug - DLL OpenSSL|x64.ActiveCfg = Debug|Win32
		{D9D9F358-F670-4DB3-B8CA-72EDC81739E2}.DLL Debug - DLL Windows SSPI - DLL WinIDN|Win32.ActiveCfg = Debug|Win32
		{D9D9F358-F670-4DB3-B8CA-72EDC81739E2}.DLL Debug - DLL Windows SSPI - DLL WinIDN|Win32.Build.0 = Debug|Win32
		{D9D9F358-F670-4DB3-B8CA-72EDC81739E2}.DLL Debug - DLL Windows SSPI - DLL WinIDN|x64.ActiveCfg = Debug|Win32
		{D9D9F358-F670-4DB3-B8CA-72EDC81739E2}.DLL Debug - DLL Windows SSPI|Win32.ActiveCfg = Debug|Win32
		{D9D9F358-F670-4DB3-B8CA-72EDC81739E2}.DLL Debug - DLL Windows SSPI|Win32.Build.0 = Debug|Win32
		{D9D9F358-F670-4DB3-B8CA-72EDC81739E2}.DLL Debug - DLL Windows SSPI|x64.ActiveCfg = Debug|Win32
		{D9D9F358-F670-4DB3-B8CA-72EDC81739E2}.DLL Debug - DLL wolfSSL|Win32.ActiveCfg = Debug|Win32
		{D9D9F358-F670-4DB3-B8CA-72EDC81739E2}.DLL Debug - DLL wolfSSL|Win32.Build.0 = Debug|Win32
		{D9D9F358-F670-4DB3-B8CA-72EDC81739E2}.DLL Debug - DLL wolfSSL|x64.ActiveCfg = Debug|Win32
		{D9D9F358-F670-4DB3-B8CA-72EDC81739E2}.DLL Debug|Win32.ActiveCfg = Debug|Win32
		{D9D9F358-F670-4DB3-B8CA-72EDC81739E2}.DLL Debug|Win32.Build.0 = Debug|Win32
		{D9D9F358-F670-4DB3-B8CA-72EDC81739E2}.DLL Debug|x64.ActiveCfg = Debug|Win32
		{D9D9F358-F670-4DB3-B8CA-72EDC81739E2}.DLL Release - DLL OpenSSL - DLL LibSSH2|Win32.ActiveCfg = Release|Win32
		{D9D9F358-F670-4DB3-B8CA-72EDC81739E2}.DLL Release - DLL OpenSSL - DLL LibSSH2|Win32.Build.0 = Release|Win32
		{D9D9F358-F670-4DB3-B8CA-72EDC81739E2}.DLL Release - DLL OpenSSL - DLL LibSSH2|x64.ActiveCfg = Release|Win32
		{D9D9F358-F670-4DB3-B8CA-72EDC81739E2}.DLL Release - DLL OpenSSL|Win32.ActiveCfg = Release|Win32
		{D9D9F358-F670-4DB3-B8CA-72EDC81739E2}.DLL Release - DLL OpenSSL|Win32.Build.0 = Release|Win32
		{D9D9F358-F670-4DB3-B8CA-72EDC81739E2}.DLL Release - DLL OpenSSL|x64.ActiveCfg = Release|Win32
		{D9D9F358-F670-4DB3-B8CA-72EDC81739E2}.DLL Release - DLL Windows SSPI - DLL WinIDN|Win32.ActiveCfg = Release|Win32
		{D9D9F358-F670-4DB3-B8CA-72EDC81739E2}.DLL Release - DLL Windows SSPI - DLL WinIDN|Win32.Build.0 = Release|Win32
		{D9D9F358-F670-4DB3-B8CA-72EDC81739E2}.DLL Release - DLL Windows SSPI - DLL WinIDN|x64.ActiveCfg = Release|Win32
		{D9D9F358-F670-4DB3-B8CA-72EDC81739E2}.DLL Release - DLL Windows SSPI|Win32.ActiveCfg = Release|Win32
		{D9D9F358-F670-4DB3-B8CA-72EDC81739E2}.DLL Release - DLL Windows SSPI|Win32.Build.0 = Release|Win32
		{D9D9F358-F670-4DB3-B8CA-72EDC81739E2}.DLL Release - DLL Windows SSPI|x64.ActiveCfg = Release|Win32
		{D9D9F358-F670-4DB3-B8CA-72EDC81739E2}.DLL Release - DLL wolfSSL|Win32.ActiveCfg = Release|Win32
		{D9D9F358-F670-4DB3-B8CA-72EDC81739E2}.DLL Release - DLL wolfSSL|Win32.Build.0 = Release|Win32
		{D9D9F358-F670-4DB3-B8CA-72EDC81739E2}.DLL Release - DLL wolfSSL|x64.ActiveCfg = Release|Win32
		{D9D9F358-F670-4DB3-B8CA-72EDC81739E2}.DLL Release|Win32.ActiveCfg = Release|Win32
		{D9D9F358-F670-4DB3-B8CA-72EDC81739E2}.DLL Release|Win32.Build.0 = Release|Win32
		{D9D9F358-F670-4DB3-B8CA-72EDC81739E2}.DLL Release|x64.ActiveCfg = Release|Win32
		{D9D9F358-F670-4DB3-B8CA-72EDC81739E2}.dummy|Win32.ActiveCfg = Debug|Win32
		{D9D9F358-F670-4DB3-B8CA-72EDC81739E2}.dummy|Win32.Build.0 = Debug|Win32
		{D9D9F358-F670-4DB3-B8CA-72EDC81739E2}.dummy|x64.ActiveCfg = Debug|Win32
		{D9D9F358-F670-4DB3-B8CA-72EDC81739E2}.LIB Debug - DLL OpenSSL - DLL LibSSH2|Win32.ActiveCfg = Debug|Win32
		{D9D9F358-F670-4DB3-B8CA-72EDC81739E2}.LIB Debug - DLL OpenSSL - DLL LibSSH2|Win32.Build.0 = Debug|Win32
		{D9D9F358-F670-4DB3-B8CA-72EDC81739E2}.LIB Debug - DLL OpenSSL - DLL LibSSH2|x64.ActiveCfg = Debug|Win32
		{D9D9F358-F670-4DB3-B8CA-72EDC81739E2}.LIB Debug - DLL OpenSSL|Win32.ActiveCfg = Debug|Win32
		{D9D9F358-F670-4DB3-B8CA-72EDC81739E2}.LIB Debug - DLL OpenSSL|Win32.Build.0 = Debug|Win32
		{D9D9F358-F670-4DB3-B8CA-72EDC81739E2}.LIB Debug - DLL OpenSSL|x64.ActiveCfg = Debug|Win32
		{D9D9F358-F670-4DB3-B8CA-72EDC81739E2}.LIB Debug - DLL Windows SSPI - DLL WinIDN|Win32.ActiveCfg = Debug|Win32
		{D9D9F358-F670-4DB3-B8CA-72EDC81739E2}.LIB Debug - DLL Windows SSPI - DLL WinIDN|Win32.Build.0 = Debug|Win32
		{D9D9F358-F670-4DB3-B8CA-72EDC81739E2}.LIB Debug - DLL Windows SSPI - DLL WinIDN|x64.ActiveCfg = Debug|Win32
		{D9D9F358-F670-4DB3-B8CA-72EDC81739E2}.LIB Debug - DLL Windows SSPI|Win32.ActiveCfg = Debug|Win32
		{D9D9F358-F670-4DB3-B8CA-72EDC81739E2}.LIB Debug - DLL Windows SSPI|Win32.Build.0 = Debug|Win32
		{D9D9F358-F670-4DB3-B8CA-72EDC81739E2}.LIB Debug - DLL Windows SSPI|x64.ActiveCfg = Debug|Win32
		{D9D9F358-F670-4DB3-B8CA-72EDC81739E2}.LIB Debug - LIB OpenSSL - LIB LibSSH2|Win32.ActiveCfg = Debug|Win32
		{D9D9F358-F670-4DB3-B8CA-72EDC81739E2}.LIB Debug - LIB OpenSSL - LIB LibSSH2|Win32.Build.0 = Debug|Win32
		{D9D9F358-F670-4DB3-B8CA-72EDC81739E2}.LIB Debug - LIB OpenSSL - LIB LibSSH2|x64.ActiveCfg = Debug|Win32
		{D9D9F358-F670-4DB3-B8CA-72EDC81739E2}.LIB Debug - LIB OpenSSL|Win32.ActiveCfg = Debug|Win32
		{D9D9F358-F670-4DB3-B8CA-72EDC81739E2}.LIB Debug - LIB OpenSSL|Win32.Build.0 = Debug|Win32
		{D9D9F358-F670-4DB3-B8CA-72EDC81739E2}.LIB Debug - LIB OpenSSL|x64.ActiveCfg = Debug|Win32
		{D9D9F358-F670-4DB3-B8CA-72EDC81739E2}.LIB Debug - LIB wolfSSL|Win32.ActiveCfg = Debug|Win32
		{D9D9F358-F670-4DB3-B8CA-72EDC81739E2}.LIB Debug - LIB wolfSSL|Win32.Build.0 = Debug|Win32
		{D9D9F358-F670-4DB3-B8CA-72EDC81739E2}.LIB Debug - LIB wolfSSL|x64.ActiveCfg = Debug|Win32
		{D9D9F358-F670-4DB3-B8CA-72EDC81739E2}.LIB Debug|Win32.ActiveCfg = Debug|Win32
		{D9D9F358-F670-4DB3-B8CA-72EDC81739E2}.LIB Debug|Win32.Build.0 = Debug|Win32
		{D9D9F358-F670-4DB3-B8CA-72EDC81739E2}.LIB Debug|x64.ActiveCfg = Debug|Win32
		{D9D9F358-F670-4DB3-B8CA-72EDC81739E2}.LIB Release - DLL OpenSSL - DLL LibSSH2|Win32.ActiveCfg = Release|Win32
		{D9D9F358-F670-4DB3-B8CA-72EDC81739E2}.LIB Release - DLL OpenSSL - DLL LibSSH2|Win32.Build.0 = Release|Win32
		{D9D9F358-F670-4DB3-B8CA-72EDC81739E2}.LIB Release - DLL OpenSSL - DLL LibSSH2|x64.ActiveCfg = Release|Win32
		{D9D9F358-F670-4DB3-B8CA-72EDC81739E2}.LIB Release - DLL OpenSSL|Win32.ActiveCfg = Release|Win32
		{D9D9F358-F670-4DB3-B8CA-72EDC81739E2}.LIB Release - DLL OpenSSL|Win32.Build.0 = Release|Win32
		{D9D9F358-F670-4DB3-B8CA-72EDC81739E2}.LIB Release - DLL OpenSSL|x64.ActiveCfg = Release|Win32
		{D9D9F358-F670-4DB3-B8CA-72EDC81739E2}.LIB Release - DLL Windows SSPI - DLL WinIDN|Win32.ActiveCfg = Release|Win32
		{D9D9F358-F670-4DB3-B8CA-72EDC81739E2}.LIB Release - DLL Windows SSPI - DLL WinIDN|Win32.Build.0 = Release|Win32
		{D9D9F358-F670-4DB3-B8CA-72EDC81739E2}.LIB Release - DLL Windows SSPI - DLL WinIDN|x64.ActiveCfg = Release|Win32
		{D9D9F358-F670-4DB3-B8CA-72EDC81739E2}.LIB Release - DLL Windows SSPI|Win32.ActiveCfg = Release|Win32
		{D9D9F358-F670-4DB3-B8CA-72EDC81739E2}.LIB Release - DLL Windows SSPI|Win32.Build.0 = Release|Win32
		{D9D9F358-F670-4DB3-B8CA-72EDC81739E2}.LIB Release - DLL Windows SSPI|x64.ActiveCfg = Release|Win32
		{D9D9F358-F670-4DB3-B8CA-72EDC81739E2}.LIB Release - LIB OpenSSL - LIB LibSSH2|Win32.ActiveCfg = Release|Win32
		{D9D9F358-F670-4DB3-B8CA-72EDC81739E2}.LIB Release - LIB OpenSSL - LIB LibSSH2|Win32.Build.0 = Release|Win32
		{D9D9F358-F670-4DB3-B8CA-72EDC81739E2}.LIB Release - LIB OpenSSL - LIB LibSSH2|x64.ActiveCfg = Release|Win32
		{D9D9F358-F670-4DB3-B8CA-72EDC81739E2}.LIB Release - LIB OpenSSL|Win32.ActiveCfg = Release|Win32
		{D9D9F358-F670-4DB3-B8CA-72EDC81739E2}.LIB Release - LIB OpenSSL|Win32.Build.0 = Release|Win32
		{D9D9F358-F670-4DB3-B8CA-72EDC81739E2}.LIB Release - LIB OpenSSL|x64.ActiveCfg = Release|Win32
		{D9D9F358-F670-4DB3-B8CA-72EDC81739E2}.LIB Release - LIB wolfSSL|Win32.ActiveCfg = Release|Win32
		{D9D9F358-F670-4DB3-B8CA-72EDC81739E2}.LIB Release - LIB wolfSSL|Win32.Build.0 = Release|Win32
		{D9D9F358-F670-4DB3-B8CA-72EDC81739E2}.LIB Release - LIB wolfSSL|x64.ActiveCfg = Release|Win32
		{D9D9F358-F670-4DB3-B8CA-72EDC81739E2}.LIB Release|Win32.ActiveCfg = Release|Win32
		{D9D9F358-F670-4DB3-B8CA-72EDC81739E2}.LIB Release|Win32.Build.0 = Release|Win32
		{D9D9F358-F670-4DB3-B8CA-72EDC81739E2}.LIB Release|x64.ActiveCfg = Release|Win32
		{D9D9F358-F670-4DB3-B8CA-72EDC81739E2}.Release|Win32.ActiveCfg = Release|Win32
		{D9D9F358-F670-4DB3-B8CA-72EDC81739E2}.Release|Win32.Build.0 = Release|Win32
		{D9D9F358-F670-4DB3-B8CA-72EDC81739E2}.Release|x64.ActiveCfg = Release|Win32
		{F80E2DED-DCC5-4DBD-BE33-381236C58C43}.Debug|Win32.ActiveCfg = Debug|Win32
		{F80E2DED-DCC5-4DBD-BE33-381236C58C43}.Debug|Win32.Build.0 = Debug|Win32
		{F80E2DED-DCC5-4DBD-BE33-381236C58C43}.Debug|x64.ActiveCfg = Debug|Win32
		{F80E2DED-DCC5-4DBD-BE33-381236C58C43}.DLL Debug - DLL OpenSSL - DLL LibSSH2|Win32.ActiveCfg = Debug|Win32
		{F80E2DED-DCC5-4DBD-BE33-381236C58C43}.DLL Debug - DLL OpenSSL - DLL LibSSH2|Win32.Build.0 = Debug|Win32
		{F80E2DED-DCC5-4DBD-BE33-381236C58C43}.DLL Debug - DLL OpenSSL - DLL LibSSH2|x64.ActiveCfg = Debug|Win32
		{F80E2DED-DCC5-4DBD-BE33-381236C58C43}.DLL Debug - DLL OpenSSL|Win32.ActiveCfg = Debug|Win32
		{F80E2DED-DCC5-4DBD-BE33-381236C58C43}.DLL Debug - DLL OpenSSL|Win32.Build.0 = Debug|Win32
		{F80E2DED-DCC5-4DBD-BE33-381236C58C43}.DLL Debug - DLL OpenSSL|x64.ActiveCfg = Debug|Win32
		{F80E2DED-DCC5-4DBD-BE33-381236C58C43}.DLL Debug - DLL Windows SSPI - DLL WinIDN|Win32.ActiveCfg = Debug|Win32
		{F80E2DED-DCC5-4DBD-BE33-381236C58C43}.DLL Debug - DLL Windows SSPI - DLL WinIDN|Win32.Build.0 = Debug|Win32
		{F80E2DED-DCC5-4DBD-BE33-381236C58C43}.DLL Debug - DLL Windows SSPI - DLL WinIDN|x64.ActiveCfg = Debug|Win32
		{F80E2DED-DCC5-4DBD-BE33-381236C58C43}.DLL Debug - DLL Windows SSPI|Win32.ActiveCfg = Debug|Win32
		{F80E2DED-DCC5-4DBD-BE33-381236C58C43}.DLL Debug - DLL Windows SSPI|Win32.Build.0 = Debug|Win32
		{F80E2DED-DCC5-4DBD-BE33-381236C58C43}.DLL Debug - DLL Windows SSPI|x64.ActiveCfg = Debug|Win32
		{F80E2DED-DCC5-4DBD-BE33-381236C58C43}.DLL Debug - DLL wolfSSL|Win32.ActiveCfg = Debug|Win32
		{F80E2DED-DCC5-4DBD-BE33-381236C58C43}.DLL Debug - DLL wolfSSL|Win32.Build.0 = Debug|Win32
		{F80E2DED-DCC5-4DBD-BE33-381236C58C43}.DLL Debug - DLL wolfSSL|x64.ActiveCfg = Debug|Win32
		{F80E2DED-DCC5-4DBD-BE33-381236C58C43}.DLL Debug|Win32.ActiveCfg = Debug|Win32
		{F80E2DED-DCC5-4DBD-BE33-381236C58C43}.DLL Debug|Win32.Build.0 = Debug|Win32
		{F80E2DED-DCC5-4DBD-BE33-381236C58C43}.DLL Debug|x64.ActiveCfg = Debug|Win32
		{F80E2DED-DCC5-4DBD-BE33-381236C58C43}.DLL Release - DLL OpenSSL - DLL LibSSH2|Win32.ActiveCfg = Release|Win32
		{F80E2DED-DCC5-4DBD-BE33-381236C58C43}.DLL Release - DLL OpenSSL - DLL LibSSH2|Win32.Build.0 = Release|Win32
		{F80E2DED-DCC5-4DBD-BE33-381236C58C43}.DLL Release - DLL OpenSSL - DLL LibSSH2|x64.ActiveCfg = Release|Win32
		{F80E2DED-DCC5-4DBD-BE33-381236C58C43}.DLL Release - DLL OpenSSL|Win32.ActiveCfg = Release|Win32
		{F80E2DED-DCC5-4DBD-BE33-381236C58C43}.DLL Release - DLL OpenSSL|Win32.Build.0 = Release|Win32
		{F80E2DED-DCC5-4DBD-BE33-381236C58C43}.DLL Release - DLL OpenSSL|x64.ActiveCfg = Release|Win32
		{F80E2DED-DCC5-4DBD-BE33-381236C58C43}.DLL Release - DLL Windows SSPI - DLL WinIDN|Win32.ActiveCfg = Release|Win32
		{F80E2DED-DCC5-4DBD-BE33-381236C58C43}.DLL Release - DLL Windows SSPI - DLL WinIDN|Win32.Build.0 = Release|Win32
		{F80E2DED-DCC5-4DBD-BE33-381236C58C43}.DLL Release - DLL Windows SSPI - DLL WinIDN|x64.ActiveCfg = Release|Win32
		{F80E2DED-DCC5-4DBD-BE33-381236C58C43}.DLL Release - DLL Windows SSPI|Win32.ActiveCfg = Release|Win32
		{F80E2DED-DCC5-4DBD-BE33-381236C58C43}.DLL Release - DLL Windows SSPI|Win32.Build.0 = Release|Win32
		{F80E2DED-DCC5-4DBD-BE33-381236C58C43}.DLL Release - DLL Windows SSPI|x64.ActiveCfg = Release|Win32
		{F80E2DED-DCC5-4DBD-BE33-381236C58C43}.DLL Release - DLL wolfSSL|Win32.ActiveCfg = Release|Win32
		{F80E2DED-DCC5-4DBD-BE33-381236C58C43}.DLL Release - DLL wolfSSL|Win32.Build.0 = Release|Win32
		{F80E2DED-DCC5-4DBD-BE33-381236C58C43}.DLL Release - DLL wolfSSL|x64.ActiveCfg = Release|Win32
		{F80E2DED-DCC5-4DBD-BE33-381236C58C43}.DLL Release|Win32.ActiveCfg = Release|Win32
		{F80E2DED-DCC5-4DBD-BE33-381236C58C43}.DLL Release|Win32.Build.0 = Release|Win32
		{F80E2DED-DCC5-4DBD-BE33-381236C58C43}.DLL Release|x64.ActiveCfg = Release|Win32
		{F80E2DED-DCC5-4DBD-BE33-381236C58C43}.dummy|Win32.ActiveCfg = Debug|Win32
		{F80E2DED-DCC5-4DBD-BE33-381236C58C43}.dummy|Win32.Build.0 = Debug|Win32
		{F80E2DED-DCC5-4DBD-BE33-381236C58C43}.dummy|x64.ActiveCfg = Debug|Win32
		{F80E2DED-DCC5-4DBD-BE33-381236C58C43}.LIB Debug - DLL OpenSSL - DLL LibSSH2|Win32.ActiveCfg = Debug|Win32
		{F80E2DED-DCC5-4DBD-BE33-381236C58C43}.LIB Debug - DLL OpenSSL - DLL LibSSH2|Win32.Build.0 = Debug|Win32
		{F80E2DED-DCC5-4DBD-BE33-381236C58C43}.LIB Debug - DLL OpenSSL - DLL LibSSH2|x64.ActiveCfg = Debug|Win32
		{F80E2DED-DCC5-4DBD-BE33-381236C58C43}.LIB Debug - DLL OpenSSL|Win32.ActiveCfg = Debug|Win32
		{F80E2DED-DCC5-4DBD-BE33-381236C58C43}.LIB Debug - DLL OpenSSL|Win32.Build.0 = Debug|Win32
		{F80E2DED-DCC5-4DBD-BE33-381236C58C43}.LIB Debug - DLL OpenSSL|x64.ActiveCfg = Debug|Win32
		{F80E2DED-DCC5-4DBD-BE33-381236C58C43}.LIB Debug - DLL Windows SSPI - DLL WinIDN|Win32.ActiveCfg = Debug|Win32
		{F80E2DED-DCC5-4DBD-BE33-381236C58C43}.LIB Debug - DLL Windows SSPI - DLL WinIDN|Win32.Build.0 = Debug|Win32
		{F80E2DED-DCC5-4DBD-BE33-381236C58C43}.LIB Debug - DLL Windows SSPI - DLL WinIDN|x64.ActiveCfg = Debug|Win32
		{F80E2DED-DCC5-4DBD-BE33-381236C58C43}.LIB Debug - DLL Windows SSPI|Win32.ActiveCfg = Debug|Win32
		{F80E2DED-DCC5-4DBD-BE33-381236C58C43}.LIB Debug - DLL Windows SSPI|Win32.Build.0 = Debug|Win32
		{F80E2DED-DCC5-4DBD-BE33-381236C58C43}.LIB Debug - DLL Windows SSPI|x64.ActiveCfg = Debug|Win32
		{F80E2DED-DCC5-4DBD-BE33-381236C58C43}.LIB Debug - LIB OpenSSL - LIB LibSSH2|Win32.ActiveCfg = Debug|Win32
		{F80E2DED-DCC5-4DBD-BE33-381236C58C43}.LIB Debug - LIB OpenSSL - LIB LibSSH2|Win32.Build.0 = Debug|Win32
		{F80E2DED-DCC5-4DBD-BE33-381236C58C43}.LIB Debug - LIB OpenSSL - LIB LibSSH2|x64.ActiveCfg = Debug|Win32
		{F80E2DED-DCC5-4DBD-BE33-381236C58C43}.LIB Debug - LIB OpenSSL|Win32.ActiveCfg = Debug|Win32
		{F80E2DED-DCC5-4DBD-BE33-381236C58C43}.LIB Debug - LIB OpenSSL|Win32.Build.0 = Debug|Win32
		{F80E2DED-DCC5-4DBD-BE33-381236C58C43}.LIB Debug - LIB OpenSSL|x64.ActiveCfg = Debug|Win32
		{F80E2DED-DCC5-4DBD-BE33-381236C58C43}.LIB Debug - LIB wolfSSL|Win32.ActiveCfg = Debug|Win32
		{F80E2DED-DCC5-4DBD-BE33-381236C58C43}.LIB Debug - LIB wolfSSL|Win32.Build.0 = Debug|Win32
		{F80E2DED-DCC5-4DBD-BE33-381236C58C43}.LIB Debug - LIB wolfSSL|x64.ActiveCfg = Debug|Win32
		{F80E2DED-DCC5-4DBD-BE33-381236C58C43}.LIB Debug|Win32.ActiveCfg = Debug|Win32
		{F80E2DED-DCC5-4DBD-BE33-381236C58C43}.LIB Debug|Win32.Build.0 = Debug|Win32
		{F80E2DED-DCC5-4DBD-BE33-381236C58C43}.LIB Debug|x64.ActiveCfg = Debug|Win32
		{F80E2DED-DCC5-4DBD-BE33-381236C58C43}.LIB Release - DLL OpenSSL - DLL LibSSH2|Win32.ActiveCfg = Release|Win32
		{F80E2DED-DCC5-4DBD-BE33-381236C58C43}.LIB Release - DLL OpenSSL - DLL LibSSH2|Win32.Build.0 = Release|Win32
		{F80E2DED-DCC5-4DBD-BE33-381236C58C43}.LIB Release - DLL OpenSSL - DLL LibSSH2|x64.ActiveCfg = Release|Win32
		{F80E2DED-DCC5-4DBD-BE33-381236C58C43}.LIB Release - DLL OpenSSL|Win32.ActiveCfg = Release|Win32
		{F80E2DED-DCC5-4DBD-BE33-381236C58C43}.LIB Release - DLL OpenSSL|Win32.Build.0 = Release|Win32
		{F80E2DED-DCC5-4DBD-BE33-381236C58C43}.LIB Release - DLL OpenSSL|x64.ActiveCfg = Release|Win32
		{F80E2DED-DCC5-4DBD-BE33-381236C58C43}.LIB Release - DLL Windows SSPI - DLL WinIDN|Win32.ActiveCfg = Release|Win32
		{F80E2DED-DCC5-4DBD-BE33-381236C58C43}.LIB Release - DLL Windows SSPI - DLL WinIDN|Win32.Build.0 = Release|Win32
		{F80E2DED-DCC5-4DBD-BE33-381236C58C43}.LIB Release - DLL Windows SSPI - DLL WinIDN|x64.ActiveCfg = Release|Win32
		{F80E2DED-DCC5-4DBD-BE33-381236C58C43}.LIB Release - DLL Windows SSPI|Win32.ActiveCfg = Release|Win32
		{F80E2DED-DCC5-4DBD-BE33-381236C58C43}.LIB Release - DLL Windows SSPI|Win32.Build.0 = Release|Win32
		{F80E2DED-DCC5-4DBD-BE33-381236C58C43}.LIB Release - DLL Windows SSPI|x64.ActiveCfg = Release|Win32
		{F80E2DED-DCC5-4DBD-BE33-381236C58C43}.LIB Release - LIB OpenSSL - LIB LibSSH2|Win32.ActiveCfg = Release|Win32
		{F80E2DED-DCC5-4DBD-BE33-381236C58C43}.LIB Release - LIB OpenSSL - LIB LibSSH2|Win32.Build.0 = Release|Win32
		{F80E2DED-DCC5-4DBD-BE33-381236C58C43}.LIB Release - LIB OpenSSL - LIB LibSSH2|x64.ActiveCfg = Release|Win32
		{F80E2DED-DCC5-4DBD-BE33-381236C58C43}.LIB Release - LIB OpenSSL|Win32.ActiveCfg = Release|Win32
		{F80E2DED-DCC5-4DBD-BE33-381236C58C43}.LIB Release - LIB OpenSSL|Win32.Build.0 = Release|Win32
		{F80E2DED-DCC5-4DBD-BE33-381236C58C43}.LIB Release - LIB OpenSSL|x64.ActiveCfg = Release|Win32
		{F80E2DED-DCC5-4DBD-BE33-381236C58C43}.LIB Release - LIB wolfSSL|Win32.ActiveCfg = Release|Win32
		{F80E2DED-DCC5-4DBD-BE33-381236C58C43}.LIB Release - LIB wolfSSL|Win32.Build.0 = Release|Win32
		{F80E2DED-DCC5-4DBD-BE33-381236C58C43}.LIB Release - LIB wolfSSL|x64.ActiveCfg = Release|Win32
		{F80E2DED-DCC5-4DBD-BE33-381236C58C43}.LIB Release|Win32.ActiveCfg = Release|Win32
		{F80E2DED-DCC5-4DBD-BE33-381236C58C43}.LIB Release|Win32.Build.0 = Release|Win32
		{F80E2DED-DCC5-4DBD-BE33-381236C58C43}.LIB Release|x64.ActiveCfg = Release|Win32
		{F80E2DED-DCC5-4DBD-BE33-381236C58C43}.Release|Win32.ActiveCfg = Release|Win32
		{F80E2DED-DCC5-4DBD-BE33-381236C58C43}.Release|Win32.Build.0 = Release|Win32
		{F80E2DED-DCC5-4DBD-BE33-381236C58C43}.Release|x64.ActiveCfg = Release|Win32
		{440CDD33-CC8E-495D-8CB2-3E19C11C8402}.Debug|Win32.ActiveCfg = Debug|Win32
		{440CDD33-CC8E-495D-8CB2-3E19C11C8402}.Debug|Win32.Build.0 = Debug|Win32
		{440CDD33-CC8E-495D-8CB2-3E19C11C8402}.Debug|x64.ActiveCfg = Debug|Win32
		{440CDD33-CC8E-495D-8CB2-3E19C11C8402}.DLL Debug - DLL OpenSSL - DLL LibSSH2|Win32.ActiveCfg = Debug|Win32
		{440CDD33-CC8E-495D-8CB2-3E19C11C8402}.DLL Debug - DLL OpenSSL - DLL LibSSH2|Win32.Build.0 = Debug|Win32
		{440CDD33-CC8E-495D-8CB2-3E19C11C8402}.DLL Debug - DLL OpenSSL - DLL LibSSH2|x64.ActiveCfg = Debug|Win32
		{440CDD33-CC8E-495D-8CB2-3E19C11C8402}.DLL Debug - DLL OpenSSL|Win32.ActiveCfg = Debug|Win32
		{440CDD33-CC8E-495D-8CB2-3E19C11C8402}.DLL Debug - DLL OpenSSL|Win32.Build.0 = Debug|Win32
		{440CDD33-CC8E-495D-8CB2-3E19C11C8402}.DLL Debug - DLL OpenSSL|x64.ActiveCfg = Debug|Win32
		{440CDD33-CC8E-495D-8CB2-3E19C11C8402}.DLL Debug - DLL Windows SSPI - DLL WinIDN|Win32.ActiveCfg = Debug|Win32
		{440CDD33-CC8E-495D-8CB2-3E19C11C8402}.DLL Debug - DLL Windows SSPI - DLL WinIDN|Win32.Build.0 = Debug|Win32
		{440CDD33-CC8E-495D-8CB2-3E19C11C8402}.DLL Debug - DLL Windows SSPI - DLL WinIDN|x64.ActiveCfg = Debug|Win32
		{440CDD33-CC8E-495D-8CB2-3E19C11C8402}.DLL Debug - DLL Windows SSPI|Win32.ActiveCfg = Debug|Win32
		{440CDD33-CC8E-495D-8CB2-3E19C11C8402}.DLL Debug - DLL Windows SSPI|Win32.Build.0 = Debug|Win32
		{440CDD33-CC8E-495D-8CB2-3E19C11C8402}.DLL Debug - DLL Windows SSPI|x64.ActiveCfg = Debug|Win32
		{440CDD33-CC8E-495D-8CB2-3E19C11C8402}.DLL Debug - DLL wolfSSL|Win32.ActiveCfg = Debug|Win32
		{440CDD33-CC8E-495D-8CB2-3E19C11C8402}.DLL Debug - DLL wolfSSL|Win32.Build.0 = Debug|Win32
		{440CDD33-CC8E-495D-8CB2-3E19C11C8402}.DLL Debug - DLL wolfSSL|x64.ActiveCfg = Debug|Win32
		{440CDD33-CC8E-495D-8CB2-3E19C11C8402}.DLL Debug|Win32.ActiveCfg = Debug|Win32
		{440CDD33-CC8E-495D-8CB2-3E19C11C8402}.DLL Debug|Win32.Build.0 = Debug|Win32
		{440CDD33-CC8E-495D-8CB2-3E19C11C8402}.DLL Debug|x64.ActiveCfg = Debug|Win32
		{440CDD33-CC8E-495D-8CB2-3E19C11C8402}.DLL Release - DLL OpenSSL - DLL LibSSH2|Win32.ActiveCfg = Release|Win32
		{440CDD33-CC8E-495D-8CB2-3E19C11C8402}.DLL Release - DLL OpenSSL - DLL LibSSH2|Win32.Build.0 = Release|Win32
		{440CDD33-CC8E-495D-8CB2-3E19C11C8402}.DLL Release - DLL OpenSSL - DLL LibSSH2|x64.ActiveCfg = Release|Win32
		{440CDD33-CC8E-495D-8CB2-3E19C11C8402}.DLL Release - DLL OpenSSL|Win32.ActiveCfg = Release|Win32
		{440CDD33-CC8E-495D-8CB2-3E19C11C8402}.DLL Release - DLL OpenSSL|Win32.Build.0 = Release|Win32
		{440CDD33-CC8E-495D-8CB2-3E19C11C8402}.DLL Release - DLL OpenSSL|x64.ActiveCfg = Release|Win32
		{440CDD33-CC8E-495D-8CB2-3E19C11C8402}.DLL Release - DLL Windows SSPI - DLL WinIDN|Win32.ActiveCfg = Release|Win32
		{440CDD33-CC8E-495D-8CB2-3E19C11C8402}.DLL Release - DLL Windows SSPI - DLL WinIDN|Win32.Build.0 = Release|Win32
		{440CDD33-CC8E-495D-8CB2-3E19C11C8402}.DLL Release - DLL Windows SSPI - DLL WinIDN|x64.ActiveCfg = Release|Win32
		{440CDD33-CC8E-495D-8CB2-3E19C11C8402}.DLL Release - DLL Windows SSPI|Win32.ActiveCfg = Release|Win32
		{440CDD33-CC8E-495D-8CB2-3E19C11C8402}.DLL Release - DLL Windows SSPI|Win32.Build.0 = Release|Win32
		{440CDD33-CC8E-495D-8CB2-3E19C11C8402}.DLL Release - DLL Windows SSPI|x64.ActiveCfg = Release|Win32
		{440CDD33-CC8E-495D-8CB2-3E19C11C8402}.DLL Release - DLL wolfSSL|Win32.ActiveCfg = Release|Win32
		{440CDD33-CC8E-495D-8CB2-3E19C11C8402}.DLL Release - DLL wolfSSL|Win32.Build.0 = Release|Win32
		{440CDD33-CC8E-495D-8CB2-3E19C11C8402}.DLL Release - DLL wolfSSL|x64.ActiveCfg = Release|Win32
		{440CDD33-CC8E-495D-8CB2-3E19C11C8402}.DLL Release|Win32.ActiveCfg = Release|Win32
		{440CDD33-CC8E-495D-8CB2-3E19C11C8402}.DLL Release|Win32.Build.0 = Release|Win32
		{440CDD33-CC8E-495D-8CB2-3E19C11C8402}.DLL Release|x64.ActiveCfg = Release|Win32
		{440CDD33-CC8E-495D-8CB2-3E19C11C8402}.dummy|Win32.ActiveCfg = Debug|Win32
		{440CDD33-CC8E-495D-8CB2-3E19C11C8402}.dummy|Win32.Build.0 = Debug|Win32
		{440CDD33-CC8E-495D-8CB2-3E19C11C8402}.dummy|x64.ActiveCfg = Debug|Win32
		{440CDD33-CC8E-495D-8CB2-3E19C11C8402}.LIB Debug - DLL OpenSSL - DLL LibSSH2|Win32.ActiveCfg = Debug|Win32
		{440CDD33-CC8E-495D-8CB2-3E19C11C8402}.LIB Debug - DLL OpenSSL - DLL LibSSH2|Win32.Build.0 = Debug|Win32
		{440CDD33-CC8E-495D-8CB2-3E19C11C8402}.LIB Debug - DLL OpenSSL - DLL LibSSH2|x64.ActiveCfg = Debug|Win32
		{440CDD33-CC8E-495D-8CB2-3E19C11C8402}.LIB Debug - DLL OpenSSL|Win32.ActiveCfg = Debug|Win32
		{440CDD33-CC8E-495D-8CB2-3E19C11C8402}.LIB Debug - DLL OpenSSL|Win32.Build.0 = Debug|Win32
		{440CDD33-CC8E-495D-8CB2-3E19C11C8402}.LIB Debug - DLL OpenSSL|x64.ActiveCfg = Debug|Win32
		{440CDD33-CC8E-495D-8CB2-3E19C11C8402}.LIB Debug - DLL Windows SSPI - DLL WinIDN|Win32.ActiveCfg = Debug|Win32
		{440CDD33-CC8E-495D-8CB2-3E19C11C8402}.LIB Debug - DLL Windows SSPI - DLL WinIDN|Win32.Build.0 = Debug|Win32
		{440CDD33-CC8E-495D-8CB2-3E19C11C8402}.LIB Debug - DLL Windows SSPI - DLL WinIDN|x64.ActiveCfg = Debug|Win32
		{440CDD33-CC8E-495D-8CB2-3E19C11C8402}.LIB Debug - DLL Windows SSPI|Win32.ActiveCfg = Debug|Win32
		{440CDD33-CC8E-495D-8CB2-3E19C11C8402}.LIB Debug - DLL Windows SSPI|Win32.Build.0 = Debug|Win32
		{440CDD33-CC8E-495D-8CB2-3E19C11C8402}.LIB Debug - DLL Windows SSPI|x64.ActiveCfg = Debug|Win32
		{440CDD33-CC8E-495D-8CB2-3E19C11C8402}.LIB Debug - LIB OpenSSL - LIB LibSSH2|Win32.ActiveCfg = Debug|Win32
		{440CDD33-CC8E-495D-8CB2-3E19C11C8402}.LIB Debug - LIB OpenSSL - LIB LibSSH2|Win32.Build.0 = Debug|Win32
		{440CDD33-CC8E-495D-8CB2-3E19C11C8402}.LIB Debug - LIB OpenSSL - LIB LibSSH2|x64.ActiveCfg = Debug|Win32
		{440CDD33-CC8E-495D-8CB2-3E19C11C8402}.LIB Debug - LIB OpenSSL|Win32.ActiveCfg = Debug|Win32
		{440CDD33-CC8E-495D-8CB2-3E19C11C8402}.LIB Debug - LIB OpenSSL|Win32.Build.0 = Debug|Win32
		{440CDD33-CC8E-495D-8CB2-3E19C11C8402}.LIB Debug - LIB OpenSSL|x64.ActiveCfg = Debug|Win32
		{440CDD33-CC8E-495D-8CB2-3E19C11C8402}.LIB Debug - LIB wolfSSL|Win32.ActiveCfg = Debug|Win32
		{440CDD33-CC8E-495D-8CB2-3E19C11C8402}.LIB Debug - LIB wolfSSL|Win32.Build.0 = Debug|Win32
		{440CDD33-CC8E-495D-8CB2-3E19C11C8402}.LIB Debug - LIB wolfSSL|x64.ActiveCfg = Debug|Win32
		{440CDD33-CC8E-495D-8CB2-3E19C11C8402}.LIB Debug|Win32.ActiveCfg = Debug|Win32
		{440CDD33-CC8E-495D-8CB2-3E19C11C8402}.LIB Debug|Win32.Build.0 = Debug|Win32
		{440CDD33-CC8E-495D-8CB2-3E19C11C8402}.LIB Debug|x64.ActiveCfg = Debug|Win32
		{440CDD33-CC8E-495D-8CB2-3E19C11C8402}.LIB Release - DLL OpenSSL - DLL LibSSH2|Win32.ActiveCfg = Release|Win32
		{440CDD33-CC8E-495D-8CB2-3E19C11C8402}.LIB Release - DLL OpenSSL - DLL LibSSH2|Win32.Build.0 = Release|Win32
		{440CDD33-CC8E-495D-8CB2-3E19C11C8402}.LIB Release - DLL OpenSSL - DLL LibSSH2|x64.ActiveCfg = Release|Win32
		{440CDD33-CC8E-495D-8CB2-3E19C11C8402}.LIB Release - DLL OpenSSL|Win32.ActiveCfg = Release|Win32
		{440CDD33-CC8E-495D-8CB2-3E19C11C8402}.LIB Release - DLL OpenSSL|Win32.Build.0 = Release|Win32
		{440CDD33-CC8E-495D-8CB2-3E19C11C8402}.LIB Release - DLL OpenSSL|x64.ActiveCfg = Release|Win32
		{440CDD33-CC8E-495D-8CB2-3E19C11C8402}.LIB Release - DLL Windows SSPI - DLL WinIDN|Win32.ActiveCfg = Release|Win32
		{440CDD33-CC8E-495D-8CB2-3E19C11C8402}.LIB Release - DLL Windows SSPI - DLL WinIDN|Win32.Build.0 = Release|Win32
		{440CDD33-CC8E-495D-8CB2-3E19C11C8402}.LIB Release - DLL Windows SSPI - DLL WinIDN|x64.ActiveCfg = Release|Win32
		{440CDD33-CC8E-495D-8CB2-3E19C11C8402}.LIB Release - DLL Windows SSPI|Win32.ActiveCfg = Release|Win32
		{440CDD33-CC8E-495D-8CB2-3E19C11C8402}.LIB Release - DLL Windows SSPI|Win32.Build.0 = Release|Win32
		{440CDD33-CC8E-495D-8CB2-3E19C11C8402}.LIB Release - DLL Windows SSPI|x64.ActiveCfg = Release|Win32
		{440CDD33-CC8E-495D-8CB2-3E19C11C8402}.LIB Release - LIB OpenSSL - LIB LibSSH2|Win32.ActiveCfg = Release|Win32
		{440CDD33-CC8E-495D-8CB2-3E19C11C8402}.LIB Release - LIB OpenSSL - LIB LibSSH2|Win32.Build.0 = Release|Win32
		{440CDD33-CC8E-495D-8CB2-3E19C11C8402}.LIB Release - LIB OpenSSL - LIB LibSSH2|x64.ActiveCfg = Release|Win32
		{440CDD33-CC8E-495D-8CB2-3E19C11C8402}.LIB Release - LIB OpenSSL|Win32.ActiveCfg = Release|Win32
		{440CDD33-CC8E-495D-8CB2-3E19C11C8402}.LIB Release - LIB OpenSSL|Win32.Build.0 = Release|Win32
		{440CDD33-CC8E-495D-8CB2-3E19C11C8402}.LIB Release - LIB OpenSSL|x64.ActiveCfg = Release|Win32
		{440CDD33-CC8E-495D-8CB2-3E19C11C8402}.LIB Release - LIB wolfSSL|Win32.ActiveCfg = Release|Win32
		{440CDD33-CC8E-495D-8CB2-3E19C11C8402}.LIB Release - LIB wolfSSL|Win32.Build.0 = Release|Win32
		{440CDD33-CC8E-495D-8CB2-3E19C11C8402}.LIB Release - LIB wolfSSL|x64.ActiveCfg = Release|Win32
		{440CDD33-CC8E-495D-8CB2-3E19C11C8402}.LIB Release|Win32.ActiveCfg = Release|Win32
		{440CDD33-CC8E-495D-8CB2-3E19C11C8402}.LIB Release|Win32.Build.0 = Release|Win32
		{440CDD33-CC8E-495D-8CB2-3E19C11C8402}.LIB Release|x64.ActiveCfg = Release|Win32
		{440CDD33-CC8E-495D-8CB2-3E19C11C8402}.Release|Win32.ActiveCfg = Release|Win32
		{440CDD33-CC8E-495D-8CB2-3E19C11C8402}.Release|Win32.Build.0 = Release|Win32
		{440CDD33-CC8E-495D-8CB2-3E19C11C8402}.Release|x64.ActiveCfg = Release|Win32
		{02278EC5-49C1-4597-A89C-E9B1CC79D331}.Debug|Win32.ActiveCfg = Debug|Win32
		{02278EC5-49C1-4597-A89C-E9B1CC79D331}.Debug|Win32.Build.0 = Debug|Win32
		{02278EC5-49C1-4597-A89C-E9B1CC79D331}.Debug|x64.ActiveCfg = Debug|Win32
		{02278EC5-49C1-4597-A89C-E9B1CC79D331}.DLL Debug - DLL OpenSSL - DLL LibSSH2|Win32.ActiveCfg = Debug|Win32
		{02278EC5-49C1-4597-A89C-E9B1CC79D331}.DLL Debug - DLL OpenSSL - DLL LibSSH2|Win32.Build.0 = Debug|Win32
		{02278EC5-49C1-4597-A89C-E9B1CC79D331}.DLL Debug - DLL OpenSSL - DLL LibSSH2|x64.ActiveCfg = Debug|Win32
		{02278EC5-49C1-4597-A89C-E9B1CC79D331}.DLL Debug - DLL OpenSSL|Win32.ActiveCfg = Debug|Win32
		{02278EC5-49C1-4597-A89C-E9B1CC79D331}.DLL Debug - DLL OpenSSL|Win32.Build.0 = Debug|Win32
		{02278EC5-49C1-4597-A89C-E9B1CC79D331}.DLL Debug - DLL OpenSSL|x64.ActiveCfg = Debug|Win32
		{02278EC5-49C1-4597-A89C-E9B1CC79D331}.DLL Debug - DLL Windows SSPI - DLL WinIDN|Win32.ActiveCfg = Debug|Win32
		{02278EC5-49C1-4597-A89C-E9B1CC79D331}.DLL Debug - DLL Windows SSPI - DLL WinIDN|Win32.Build.0 = Debug|Win32
		{02278EC5-49C1-4597-A89C-E9B1CC79D331}.DLL Debug - DLL Windows SSPI - DLL WinIDN|x64.ActiveCfg = Debug|Win32
		{02278EC5-49C1-4597-A89C-E9B1CC79D331}.DLL Debug - DLL Windows SSPI|Win32.ActiveCfg = Debug|Win32
		{02278EC5-49C1-4597-A89C-E9B1CC79D331}.DLL Debug - DLL Windows SSPI|Win32.Build.0 = Debug|Win32
		{02278EC5-49C1-4597-A89C-E9B1CC79D331}.DLL Debug - DLL Windows SSPI|x64.ActiveCfg = Debug|Win32
		{02278EC5-49C1-4597-A89C-E9B1CC79D331}.DLL Debug - DLL wolfSSL|Win32.ActiveCfg = Debug|Win32
		{02278EC5-49C1-4597-A89C-E9B1CC79D331}.DLL Debug - DLL wolfSSL|Win32.Build.0 = Debug|Win32
		{02278EC5-49C1-4597-A89C-E9B1CC79D331}.DLL Debug - DLL wolfSSL|x64.ActiveCfg = Debug|Win32
		{02278EC5-49C1-4597-A89C-E9B1CC79D331}.DLL Debug|Win32.ActiveCfg = Debug|Win32
		{02278EC5-49C1-4597-A89C-E9B1CC79D331}.DLL Debug|Win32.Build.0 = Debug|Win32
		{02278EC5-49C1-4597-A89C-E9B1CC79D331}.DLL Debug|x64.ActiveCfg = Debug|Win32
		{02278EC5-49C1-4597-A89C-E9B1CC79D331}.DLL Release - DLL OpenSSL - DLL LibSSH2|Win32.ActiveCfg = Release|Win32
		{02278EC5-49C1-4597-A89C-E9B1CC79D331}.DLL Release - DLL OpenSSL - DLL LibSSH2|Win32.Build.0 = Release|Win32
		{02278EC5-49C1-4597-A89C-E9B1CC79D331}.DLL Release - DLL OpenSSL - DLL LibSSH2|x64.ActiveCfg = Release|Win32
		{02278EC5-49C1-4597-A89C-E9B1CC79D331}.DLL Release - DLL OpenSSL|Win32.ActiveCfg = Release|Win32
		{02278EC5-49C1-4597-A89C-E9B1CC79D331}.DLL Release - DLL OpenSSL|Win32.Build.0 = Release|Win32
		{02278EC5-49C1-4597-A89C-E9B1CC79D331}.DLL Release - DLL OpenSSL|x64.ActiveCfg = Release|Win32
		{02278EC5-49C1-4597-A89C-E9B1CC79D331}.DLL Release - DLL Windows SSPI - DLL WinIDN|Win32.ActiveCfg = Release|Win32
		{02278EC5-49C1-4597-A89C-E9B1CC79D331}.DLL Release - DLL Windows SSPI - DLL WinIDN|Win32.Build.0 = Release|Win32
		{02278EC5-49C1-4597-A89C-E9B1CC79D331}.DLL Release - DLL Windows SSPI - DLL WinIDN|x64.ActiveCfg = Release|Win32
		{02278EC5-49C1-4597-A89C-E9B1CC79D331}.DLL Release - DLL Windows SSPI|Win32.ActiveCfg = Release|Win32
		{02278EC5-49C1-4597-A89C-E9B1CC79D331}.DLL Release - DLL Windows SSPI|Win32.Build.0 = Release|Win32
		{02278EC5-49C1-4597-A89C-E9B1CC79D331}.DLL Release - DLL Windows SSPI|x64.ActiveCfg = Release|Win32
		{02278EC5-49C1-4597-A89C-E9B1CC79D331}.DLL Release - DLL wolfSSL|Win32.ActiveCfg = Release|Win32
		{02278EC5-49C1-4597-A89C-E9B1CC79D331}.DLL Release - DLL wolfSSL|Win32.Build.0 = Release|Win32
		{02278EC5-49C1-4597-A89C-E9B1CC79D331}.DLL Release - DLL wolfSSL|x64.ActiveCfg = Release|Win32
		{02278EC5-49C1-4597-A89C-E9B1CC79D331}.DLL Release|Win32.ActiveCfg = Release|Win32
		{02278EC5-49C1-4597-A89C-E9B1CC79D331}.DLL Release|Win32.Build.0 = Release|Win32
		{02278EC5-49C1-4597-A89C-E9B1CC79D331}.DLL Release|x64.ActiveCfg = Release|Win32
		{02278EC5-49C1-4597-A89C-E9B1CC79D331}.dummy|Win32.ActiveCfg = Debug|Win32
		{02278EC5-49C1-4597-A89C-E9B1CC79D331}.dummy|Win32.Build.0 = Debug|Win32
		{02278EC5-49C1-4597-A89C-E9B1CC79D331}.dummy|x64.ActiveCfg = Debug|Win32
		{02278EC5-49C1-4597-A89C-E9B1CC79D331}.LIB Debug - DLL OpenSSL - DLL LibSSH2|Win32.ActiveCfg = Debug|Win32
		{02278EC5-49C1-4597-A89C-E9B1CC79D331}.LIB Debug - DLL OpenSSL - DLL LibSSH2|Win32.Build.0 = Debug|Win32
		{02278EC5-49C1-4597-A89C-E9B1CC79D331}.LIB Debug - DLL OpenSSL - DLL LibSSH2|x64.ActiveCfg = Debug|Win32
		{02278EC5-49C1-4597-A89C-E9B1CC79D331}.LIB Debug - DLL OpenSSL|Win32.ActiveCfg = Debug|Win32
		{02278EC5-49C1-4597-A89C-E9B1CC79D331}.LIB Debug - DLL OpenSSL|Win32.Build.0 = Debug|Win32
		{02278EC5-49C1-4597-A89C-E9B1CC79D331}.LIB Debug - DLL OpenSSL|x64.ActiveCfg = Debug|Win32
		{02278EC5-49C1-4597-A89C-E9B1CC79D331}.LIB Debug - DLL Windows SSPI - DLL WinIDN|Win32.ActiveCfg = Debug|Win32
		{02278EC5-49C1-4597-A89C-E9B1CC79D331}.LIB Debug - DLL Windows SSPI - DLL WinIDN|Win32.Build.0 = Debug|Win32
		{02278EC5-49C1-4597-A89C-E9B1CC79D331}.LIB Debug - DLL Windows SSPI - DLL WinIDN|x64.ActiveCfg = Debug|Win32
		{02278EC5-49C1-4597-A89C-E9B1CC79D331}.LIB Debug - DLL Windows SSPI|Win32.ActiveCfg = Debug|Win32
		{02278EC5-49C1-4597-A89C-E9B1CC79D331}.LIB Debug - DLL Windows SSPI|Win32.Build.0 = Debug|Win32
		{02278EC5-49C1-4597-A89C-E9B1CC79D331}.LIB Debug - DLL Windows SSPI|x64.ActiveCfg = Debug|Win32
		{02278EC5-49C1-4597-A89C-E9B1CC79D331}.LIB Debug - LIB OpenSSL - LIB LibSSH2|Win32.ActiveCfg = Debug|Win32
		{02278EC5-49C1-4597-A89C-E9B1CC79D331}.LIB Debug - LIB OpenSSL - LIB LibSSH2|Win32.Build.0 = Debug|Win32
		{02278EC5-49C1-4597-A89C-E9B1CC79D331}.LIB Debug - LIB OpenSSL - LIB LibSSH2|x64.ActiveCfg = Debug|Win32
		{02278EC5-49C1-4597-A89C-E9B1CC79D331}.LIB Debug - LIB OpenSSL|Win32.ActiveCfg = Debug|Win32
		{02278EC5-49C1-4597-A89C-E9B1CC79D331}.LIB Debug - LIB OpenSSL|Win32.Build.0 = Debug|Win32
		{02278EC5-49C1-4597-A89C-E9B1CC79D331}.LIB Debug - LIB OpenSSL|x64.ActiveCfg = Debug|Win32
		{02278EC5-49C1-4597-A89C-E9B1CC79D331}.LIB Debug - LIB wolfSSL|Win32.ActiveCfg = Debug|Win32
		{02278EC5-49C1-4597-A89C-E9B1CC79D331}.LIB Debug - LIB wolfSSL|Win32.Build.0 = Debug|Win32
		{02278EC5-49C1-4597-A89C-E9B1CC79D331}.LIB Debug - LIB wolfSSL|x64.ActiveCfg = Debug|Win32
		{02278EC5-49C1-4597-A89C-E9B1CC79D331}.LIB Debug|Win32.ActiveCfg = Debug|Win32
		{02278EC5-49C1-4597-A89C-E9B1CC79D331}.LIB Debug|Win32.Build.0 = Debug|Win32
		{02278EC5-49C1-4597-A89C-E9B1CC79D331}.LIB Debug|x64.ActiveCfg = Debug|Win32
		{02278EC5-49C1-4597-A89C-E9B1CC79D331}.LIB Release - DLL OpenSSL - DLL LibSSH2|Win32.ActiveCfg = Release|Win32
		{02278EC5-49C1-4597-A89C-E9B1CC79D331}.LIB Release - DLL OpenSSL - DLL LibSSH2|Win32.Build.0 = Release|Win32
		{02278EC5-49C1-4597-A89C-E9B1CC79D331}.LIB Release - DLL OpenSSL - DLL LibSSH2|x64.ActiveCfg = Release|Win32
		{02278EC5-49C1-4597-A89C-E9B1CC79D331}.LIB Release - DLL OpenSSL|Win32.ActiveCfg = Release|Win32
		{02278EC5-49C1-4597-A89C-E9B1CC79D331}.LIB Release - DLL OpenSSL|Win32.Build.0 = Release|Win32
		{02278EC5-49C1-4597-A89C-E9B1CC79D331}.LIB Release - DLL OpenSSL|x64.ActiveCfg = Release|Win32
		{02278EC5-49C1-4597-A89C-E9B1CC79D331}.LIB Release - DLL Windows SSPI - DLL WinIDN|Win32.ActiveCfg = Release|Win32
		{02278EC5-49C1-4597-A89C-E9B1CC79D331}.LIB Release - DLL Windows SSPI - DLL WinIDN|Win32.Build.0 = Release|Win32
		{02278EC5-49C1-4597-A89C-E9B1CC79D331}.LIB Release - DLL Windows SSPI - DLL WinIDN|x64.ActiveCfg = Release|Win32
		{02278EC5-49C1-4597-A89C-E9B1CC79D331}.LIB Release - DLL Windows SSPI|Win32.ActiveCfg = Release|Win32
		{02278EC5-49C1-4597-A89C-E9B1CC79D331}.LIB Release - DLL Windows SSPI|Win32.Build.0 = Release|Win32
		{02278EC5-49C1-4597-A89C-E9B1CC79D331}.LIB Release - DLL Windows SSPI|x64.ActiveCfg = Release|Win32
		{02278EC5-49C1-4597-A89C-E9B1CC79D331}.LIB Release - LIB OpenSSL - LIB LibSSH2|Win32.ActiveCfg = Release|Win32
		{02278EC5-49C1-4597-A89C-E9B1CC79D331}.LIB Release - LIB OpenSSL - LIB LibSSH2|Win32.Build.0 = Release|Win32
		{02278EC5-49C1-4597-A89C-E9B1CC79D331}.LIB Release - LIB OpenSSL - LIB LibSSH2|x64.ActiveCfg = Release|Win32
		{02278EC5-49C1-4597-A89C-E9B1CC79D331}.LIB Release - LIB OpenSSL|Win32.ActiveCfg = Release|Win32
		{02278EC5-49C1-4597-A89C-E9B1CC79D331}.LIB Release - LIB OpenSSL|Win32.Build.0 = Release|Win32
		{02278EC5-49C1-4597-A89C-E9B1CC79D331}.LIB Release - LIB OpenSSL|x64.ActiveCfg = Release|Win32
		{02278EC5-49C1-4597-A89C-E9B1CC79D331}.LIB Release - LIB wolfSSL|Win32.ActiveCfg = Release|Win32
		{02278EC5-49C1-4597-A89C-E9B1CC79D331}.LIB Release - LIB wolfSSL|Win32.Build.0 = Release|Win32
		{02278EC5-49C1-4597-A89C-E9B1CC79D331}.LIB Release - LIB wolfSSL|x64.ActiveCfg = Release|Win32
		{02278EC5-49C1-4597-A89C-E9B1CC79D331}.LIB Release|Win32.ActiveCfg = Release|Win32
		{02278EC5-49C1-4597-A89C-E9B1CC79D331}.LIB Release|Win32.Build.0 = Release|Win32
		{02278EC5-49C1-4597-A89C-E9B1CC79D331}.LIB Release|x64.ActiveCfg = Release|Win32
		{02278EC5-49C1-4597-A89C-E9B1CC79D331}.Release|Win32.ActiveCfg = Release|Win32
		{02278EC5-49C1-4597-A89C-E9B1CC79D331}.Release|Win32.Build.0 = Release|Win32
		{02278EC5-49C1-4597-A89C-E9B1CC79D331}.Release|x64.ActiveCfg = Release|Win32
		{D8D8D823-06E8-4488-848B-B57A6760E48A}.Debug|Win32.ActiveCfg = Debug|Win32
		{D8D8D823-06E8-4488-848B-B57A6760E48A}.Debug|Win32.Build.0 = Debug|Win32
		{D8D8D823-06E8-4488-848B-B57A6760E48A}.Debug|x64.ActiveCfg = Debug|Win32
		{D8D8D823-06E8-4488-848B-B57A6760E48A}.DLL Debug - DLL OpenSSL - DLL LibSSH2|Win32.ActiveCfg = Debug|Win32
		{D8D8D823-06E8-4488-848B-B57A6760E48A}.DLL Debug - DLL OpenSSL - DLL LibSSH2|Win32.Build.0 = Debug|Win32
		{D8D8D823-06E8-4488-848B-B57A6760E48A}.DLL Debug - DLL OpenSSL - DLL LibSSH2|x64.ActiveCfg = Debug|Win32
		{D8D8D823-06E8-4488-848B-B57A6760E48A}.DLL Debug - DLL OpenSSL|Win32.ActiveCfg = Debug|Win32
		{D8D8D823-06E8-4488-848B-B57A6760E48A}.DLL Debug - DLL OpenSSL|Win32.Build.0 = Debug|Win32
		{D8D8D823-06E8-4488-848B-B57A6760E48A}.DLL Debug - DLL OpenSSL|x64.ActiveCfg = Debug|Win32
		{D8D8D823-06E8-4488-848B-B57A6760E48A}.DLL Debug - DLL Windows SSPI - DLL WinIDN|Win32.ActiveCfg = Debug|Win32
		{D8D8D823-06E8-4488-848B-B57A6760E48A}.DLL Debug - DLL Windows SSPI - DLL WinIDN|Win32.Build.0 = Debug|Win32
		{D8D8D823-06E8-4488-848B-B57A6760E48A}.DLL Debug - DLL Windows SSPI - DLL WinIDN|x64.ActiveCfg = Debug|Win32
		{D8D8D823-06E8-4488-848B-B57A6760E48A}.DLL Debug - DLL Windows SSPI|Win32.ActiveCfg = Debug|Win32
		{D8D8D823-06E8-4488-848B-B57A6760E48A}.DLL Debug - DLL Windows SSPI|Win32.Build.0 = Debug|Win32
		{D8D8D823-06E8-4488-848B-B57A6760E48A}.DLL Debug - DLL Windows SSPI|x64.ActiveCfg = Debug|Win32
		{D8D8D823-06E8-4488-848B-B57A6760E48A}.DLL Debug - DLL wolfSSL|Win32.ActiveCfg = Debug|Win32
		{D8D8D823-06E8-4488-848B-B57A6760E48A}.DLL Debug - DLL wolfSSL|Win32.Build.0 = Debug|Win32
		{D8D8D823-06E8-4488-848B-B57A6760E48A}.DLL Debug - DLL wolfSSL|x64.ActiveCfg = Debug|Win32
		{D8D8D823-06E8-4488-848B-B57A6760E48A}.DLL Debug|Win32.ActiveCfg = Debug|Win32
		{D8D8D823-06E8-4488-848B-B57A6760E48A}.DLL Debug|Win32.Build.0 = Debug|Win32
		{D8D8D823-06E8-4488-848B-B57A6760E48A}.DLL Debug|x64.ActiveCfg = Debug|Win32
		{D8D8D823-06E8-4488-848B-B57A6760E48A}.DLL Release - DLL OpenSSL - DLL LibSSH2|Win32.ActiveCfg = Release|Win32
		{D8D8D823-06E8-4488-848B-B57A6760E48A}.DLL Release - DLL OpenSSL - DLL LibSSH2|Win32.Build.0 = Release|Win32
		{D8D8D823-06E8-4488-848B-B57A6760E48A}.DLL Release - DLL OpenSSL - DLL LibSSH2|x64.ActiveCfg = Release|Win32
		{D8D8D823-06E8-4488-848B-B57A6760E48A}.DLL Release - DLL OpenSSL|Win32.ActiveCfg = Release|Win32
		{D8D8D823-06E8-4488-848B-B57A6760E48A}.DLL Release - DLL OpenSSL|Win32.Build.0 = Release|Win32
		{D8D8D823-06E8-4488-848B-B57A6760E48A}.DLL Release - DLL OpenSSL|x64.ActiveCfg = Release|Win32
		{D8D8D823-06E8-4488-848B-B57A6760E48A}.DLL Release - DLL Windows SSPI - DLL WinIDN|Win32.ActiveCfg = Release|Win32
		{D8D8D823-06E8-4488-848B-B57A6760E48A}.DLL Release - DLL Windows SSPI - DLL WinIDN|Win32.Build.0 = Release|Win32
		{D8D8D823-06E8-4488-848B-B57A6760E48A}.DLL Release - DLL Windows SSPI - DLL WinIDN|x64.ActiveCfg = Release|Win32
		{D8D8D823-06E8-4488-848B-B57A6760E48A}.DLL Release - DLL Windows SSPI|Win32.ActiveCfg = Release|Win32
		{D8D8D823-06E8-4488-848B-B57A6760E48A}.DLL Release - DLL Windows SSPI|Win32.Build.0 = Release|Win32
		{D8D8D823-06E8-4488-848B-B57A6760E48A}.DLL Release - DLL Windows SSPI|x64.ActiveCfg = Release|Win32
		{D8D8D823-06E8-4488-848B-B57A6760E48A}.DLL Release - DLL wolfSSL|Win32.ActiveCfg = Release|Win32
		{D8D8D823-06E8-4488-848B-B57A6760E48A}.DLL Release - DLL wolfSSL|Win32.Build.0 = Release|Win32
		{D8D8D823-06E8-4488-848B-B57A6760E48A}.DLL Release - DLL wolfSSL|x64.ActiveCfg = Release|Win32
		{D8D8D823-06E8-4488-848B-B57A6760E48A}.DLL Release|Win32.ActiveCfg = Release|Win32
		{D8D8D823-06E8-4488-848B-B57A6760E48A}.DLL Release|Win32.Build.0 = Release|Win32
		{D8D8D823-06E8-4488-848B-B57A6760E48A}.DLL Release|x64.ActiveCfg = Release|Win32
		{D8D8D823-06E8-4488-848B-B57A6760E48A}.dummy|Win32.ActiveCfg = Debug|Win32
		{D8D8D823-06E8-4488-848B-B57A6760E48A}.dummy|Win32.Build.0 = Debug|Win32
		{D8D8D823-06E8-4488-848B-B57A6760E48A}.dummy|x64.ActiveCfg = Debug|Win32
		{D8D8D823-06E8-4488-848B-B57A6760E48A}.LIB Debug - DLL OpenSSL - DLL LibSSH2|Win32.ActiveCfg = Debug|Win32
		{D8D8D823-06E8-4488-848B-B57A6760E48A}.LIB Debug - DLL OpenSSL - DLL LibSSH2|Win32.Build.0 = Debug|Win32
		{D8D8D823-06E8-4488-848B-B57A6760E48A}.LIB Debug - DLL OpenSSL - DLL LibSSH2|x64.ActiveCfg = Debug|Win32
		{D8D8D823-06E8-4488-848B-B57A6760E48A}.LIB Debug - DLL OpenSSL|Win32.ActiveCfg = Debug|Win32
		{D8D8D823-06E8-4488-848B-B57A6760E48A}.LIB Debug - DLL OpenSSL|Win32.Build.0 = Debug|Win32
		{D8D8D823-06E8-4488-848B-B57A6760E48A}.LIB Debug - DLL OpenSSL|x64.ActiveCfg = Debug|Win32
		{D8D8D823-06E8-4488-848B-B57A6760E48A}.LIB Debug - DLL Windows SSPI - DLL WinIDN|Win32.ActiveCfg = Debug|Win32
		{D8D8D823-06E8-4488-848B-B57A6760E48A}.LIB Debug - DLL Windows SSPI - DLL WinIDN|Win32.Build.0 = Debug|Win32
		{D8D8D823-06E8-4488-848B-B57A6760E48A}.LIB Debug - DLL Windows SSPI - DLL WinIDN|x64.ActiveCfg = Debug|Win32
		{D8D8D823-06E8-4488-848B-B57A6760E48A}.LIB Debug - DLL Windows SSPI|Win32.ActiveCfg = Debug|Win32
		{D8D8D823-06E8-4488-848B-B57A6760E48A}.LIB Debug - DLL Windows SSPI|Win32.Build.0 = Debug|Win32
		{D8D8D823-06E8-4488-848B-B57A6760E48A}.LIB Debug - DLL Windows SSPI|x64.ActiveCfg = Debug|Win32
		{D8D8D823-06E8-4488-848B-B57A6760E48A}.LIB Debug - LIB OpenSSL - LIB LibSSH2|Win32.ActiveCfg = Debug|Win32
		{D8D8D823-06E8-4488-848B-B57A6760E48A}.LIB Debug - LIB OpenSSL - LIB LibSSH2|Win32.Build.0 = Debug|Win32
		{D8D8D823-06E8-4488-848B-B57A6760E48A}.LIB Debug - LIB OpenSSL - LIB LibSSH2|x64.ActiveCfg = Debug|Win32
		{D8D8D823-06E8-4488-848B-B57A6760E48A}.LIB Debug - LIB OpenSSL|Win32.ActiveCfg = Debug|Win32
		{D8D8D823-06E8-4488-848B-B57A6760E48A}.LIB Debug - LIB OpenSSL|Win32.Build.0 = Debug|Win32
		{D8D8D823-06E8-4488-848B-B57A6760E48A}.LIB Debug - LIB OpenSSL|x64.ActiveCfg = Debug|Win32
		{D8D8D823-06E8-4488-848B-B57A6760E48A}.LIB Debug - LIB wolfSSL|Win32.ActiveCfg = Debug|Win32
		{D8D8D823-06E8-4488-848B-B57A6760E48A}.LIB Debug - LIB wolfSSL|Win32.Build.0 = Debug|Win32
		{D8D8D823-06E8-4488-848B-B57A6760E48A}.LIB Debug - LIB wolfSSL|x64.ActiveCfg = Debug|Win32
		{D8D8D823-06E8-4488-848B-B57A6760E48A}.LIB Debug|Win32.ActiveCfg = Debug|Win32
		{D8D8D823-06E8-4488-848B-B57A6760E48A}.LIB Debug|Win32.Build.0 = Debug|Win32
		{D8D8D823-06E8-4488-848B-B57A6760E48A}.LIB Debug|x64.ActiveCfg = Debug|Win32
		{D8D8D823-06E8-4488-848B-B57A6760E48A}.LIB Release - DLL OpenSSL - DLL LibSSH2|Win32.ActiveCfg = Release|Win32
		{D8D8D823-06E8-4488-848B-B57A6760E48A}.LIB Release - DLL OpenSSL - DLL LibSSH2|Win32.Build.0 = Release|Win32
		{D8D8D823-06E8-4488-848B-B57A6760E48A}.LIB Release - DLL OpenSSL - DLL LibSSH2|x64.ActiveCfg = Release|Win32
		{D8D8D823-06E8-4488-848B-B57A6760E48A}.LIB Release - DLL OpenSSL|Win32.ActiveCfg = Release|Win32
		{D8D8D823-06E8-4488-848B-B57A6760E48A}.LIB Release - DLL OpenSSL|Win32.Build.0 = Release|Win32
		{D8D8D823-06E8-4488-848B-B57A6760E48A}.LIB Release - DLL OpenSSL|x64.ActiveCfg = Release|Win32
		{D8D8D823-06E8-4488-848B-B57A6760E48A}.LIB Release - DLL Windows SSPI - DLL WinIDN|Win32.ActiveCfg = Release|Win32
		{D8D8D823-06E8-4488-848B-B57A6760E48A}.LIB Release - DLL Windows SSPI - DLL WinIDN|Win32.Build.0 = Release|Win32
		{D8D8D823-06E8-4488-848B-B57A6760E48A}.LIB Release - DLL Windows SSPI - DLL WinIDN|x64.ActiveCfg = Release|Win32
		{D8D8D823-06E8-4488-848B-B57A6760E48A}.LIB Release - DLL Windows SSPI|Win32.ActiveCfg = Release|Win32
		{D8D8D823-06E8-4488-848B-B57A6760E48A}.LIB Release - DLL Windows SSPI|Win32.Build.0 = Release|Win32
		{D8D8D823-06E8-4488-848B-B57A6760E48A}.LIB Release - DLL Windows SSPI|x64.ActiveCfg = Release|Win32
		{D8D8D823-06E8-4488-848B-B57A6760E48A}.LIB Release - LIB OpenSSL - LIB LibSSH2|Win32.ActiveCfg = Release|Win32
		{D8D8D823-06E8-4488-848B-B57A6760E48A}.LIB Release - LIB OpenSSL - LIB LibSSH2|Win32.Build.0 = Release|Win32
		{D8D8D823-06E8-4488-848B-B57A6760E48A}.LIB Release - LIB OpenSSL - LIB LibSSH2|x64.ActiveCfg = Release|Win32
		{D8D8D823-06E8-4488-848B-B57A6760E48A}.LIB Release - LIB OpenSSL|Win32.ActiveCfg = Release|Win32
		{D8D8D823-06E8-4488-848B-B57A6760E48A}.LIB Release - LIB OpenSSL|Win32.Build.0 = Release|Win32
		{D8D8D823-06E8-4488-848B-B57A6760E48A}.LIB Release - LIB OpenSSL|x64.ActiveCfg = Release|Win32
		{D8D8D823-06E8-4488-848B-B57A6760E48A}.LIB Release - LIB wolfSSL|Win32.ActiveCfg = Release|Win32
		{D8D8D823-06E8-4488-848B-B57A6760E48A}.LIB Release - LIB wolfSSL|Win32.Build.0 = Release|Win32
		{D8D8D823-06E8-4488-848B-B57A6760E48A}.LIB Release - LIB wolfSSL|x64.ActiveCfg = Release|Win32
		{D8D8D823-06E8-4488-848B-B57A6760E48A}.LIB Release|Win32.ActiveCfg = Release|Win32
		{D8D8D823-06E8-4488-848B-B57A6760E48A}.LIB Release|Win32.Build.0 = Release|Win32
		{D8D8D823-06E8-4488-848B-B57A6760E48A}.LIB Release|x64.ActiveCfg = Release|Win32
		{D8D8D823-06E8-4488-848B-B57A6760E48A}.Release|Win32.ActiveCfg = Release|Win32
		{D8D8D823-06E8-4488-848B-B57A6760E48A}.Release|Win32.Build.0 = Release|Win32
		{D8D8D823-06E8-4488-848B-B57A6760E48A}.Release|x64.ActiveCfg = Release|Win32
	EndGlobalSection
	GlobalSection(SolutionProperties) = preSolution
		HideSolutionNode = FALSE
	EndGlobalSection
EndGlobal
